
Microsoft Visual Studio Solution File, Format Version 12.00
# Visual Studio Version 16
VisualStudioVersion = 16.0.29728.190
MinimumVisualStudioVersion = 10.0.40219.1
Project("{FAE04EC0-301F-11D3-BF4B-00C04F79EFBC}") = "OnTimeSpeed", "OnTimeSpeed\OnTimeSpeed.csproj", "{12C4EF4D-B63A-4B6D-A5A8-D164A95D4CC2}"
EndProject
Global
	GlobalSection(SolutionConfigurationPlatforms) = preSolution
		Debug|Any CPU = Debug|Any CPU
		Release|Any CPU = Release|Any CPU
	EndGlobalSection
	GlobalSection(ProjectConfigurationPlatforms) = postSolution
		{12C4EF4D-B63A-4B6D-A5A8-D164A95D4CC2}.Debug|Any CPU.ActiveCfg = Debug|Any CPU
		{12C4EF4D-B63A-4B6D-A5A8-D164A95D4CC2}.Debug|Any CPU.Build.0 = Debug|Any CPU
		{12C4EF4D-B63A-4B6D-A5A8-D164A95D4CC2}.Release|Any CPU.ActiveCfg = Release|Any CPU
		{12C4EF4D-B63A-4B6D-A5A8-D164A95D4CC2}.Release|Any CPU.Build.0 = Release|Any CPU
	EndGlobalSection
	GlobalSection(SolutionProperties) = preSolution
		HideSolutionNode = FALSE
	EndGlobalSection
	GlobalSection(ExtensibilityGlobals) = postSolution
		SolutionGuid = {E26D4A5E-D169-4FE2-A04F-38815C0E648C}
	EndGlobalSection
EndGlobal
